
Microsoft Visual Studio Solution File, Format Version 12.00
# Visual Studio 14
VisualStudioVersion = 14.0.25420.1
MinimumVisualStudioVersion = 10.0.40219.1
Project("{FAE04EC0-301F-11D3-BF4B-00C04F79EFBC}") = "LunchAndLearnMobile", "LunchAndLearnMobile\LunchAndLearnMobile\LunchAndLearnMobile.csproj", "{F4BACE4A-D00B-4376-B92A-EB1CC029F205}"
EndProject
Project("{FAE04EC0-301F-11D3-BF4B-00C04F79EFBC}") = "LunchAndLearnMobile.Droid", "LunchAndLearnMobile\LunchAndLearnMobile.Droid\LunchAndLearnMobile.Droid.csproj", "{1AA6ADE9-7589-43E3-BE19-9916AE249F50}"
EndProject
Project("{FAE04EC0-301F-11D3-BF4B-00C04F79EFBC}") = "LunchAndLearnMobile.iOS", "LunchAndLearnMobile\LunchAndLearnMobile.iOS\LunchAndLearnMobile.iOS.csproj", "{CF03DF9A-24A7-4898-A5CF-78674050E681}"
EndProject
Project("{FAE04EC0-301F-11D3-BF4B-00C04F79EFBC}") = "LunchAndLearnMobile.WinPhone", "LunchAndLearnMobile\LunchAndLearnMobile.WinPhone\LunchAndLearnMobile.WinPhone.csproj", "{2FA40764-B8BD-4B30-8658-00DF87733575}"
EndProject
Project("{FAE04EC0-301F-11D3-BF4B-00C04F79EFBC}") = "LunchAndLearnMobile.UWP", "LunchAndLearnMobile\LunchAndLearnMobile.UWP\LunchAndLearnMobile.UWP.csproj", "{EAAAD61B-8A65-42CE-820E-3E8FEDDC968F}"
EndProject
Project("{FAE04EC0-301F-11D3-BF4B-00C04F79EFBC}") = "LunchAndLearnMobile.Windows", "LunchAndLearnMobile\LunchAndLearnMobile.Windows\LunchAndLearnMobile.Windows.csproj", "{5D62330D-8A1A-4D7D-9FC7-10DDB2357147}"
EndProject
Global
	GlobalSection(SolutionConfigurationPlatforms) = preSolution
		Ad-Hoc|Any CPU = Ad-Hoc|Any CPU
		Ad-Hoc|ARM = Ad-Hoc|ARM
		Ad-Hoc|iPhone = Ad-Hoc|iPhone
		Ad-Hoc|iPhoneSimulator = Ad-Hoc|iPhoneSimulator
		Ad-Hoc|x64 = Ad-Hoc|x64
		Ad-Hoc|x86 = Ad-Hoc|x86
		AppStore|Any CPU = AppStore|Any CPU
		AppStore|ARM = AppStore|ARM
		AppStore|iPhone = AppStore|iPhone
		AppStore|iPhoneSimulator = AppStore|iPhoneSimulator
		AppStore|x64 = AppStore|x64
		AppStore|x86 = AppStore|x86
		Debug|Any CPU = Debug|Any CPU
		Debug|ARM = Debug|ARM
		Debug|iPhone = Debug|iPhone
		Debug|iPhoneSimulator = Debug|iPhoneSimulator
		Debug|x64 = Debug|x64
		Debug|x86 = Debug|x86
		Release|Any CPU = Release|Any CPU
		Release|ARM = Release|ARM
		Release|iPhone = Release|iPhone
		Release|iPhoneSimulator = Release|iPhoneSimulator
		Release|x64 = Release|x64
		Release|x86 = Release|x86
	EndGlobalSection
	GlobalSection(ProjectConfigurationPlatforms) = postSolution
		{F4BACE4A-D00B-4376-B92A-EB1CC029F205}.Ad-Hoc|Any CPU.ActiveCfg = Release|Any CPU
		{F4BACE4A-D00B-4376-B92A-EB1CC029F205}.Ad-Hoc|Any CPU.Build.0 = Release|Any CPU
		{F4BACE4A-D00B-4376-B92A-EB1CC029F205}.Ad-Hoc|ARM.ActiveCfg = Release|Any CPU
		{F4BACE4A-D00B-4376-B92A-EB1CC029F205}.Ad-Hoc|ARM.Build.0 = Release|Any CPU
		{F4BACE4A-D00B-4376-B92A-EB1CC029F205}.Ad-Hoc|iPhone.ActiveCfg = Release|Any CPU
		{F4BACE4A-D00B-4376-B92A-EB1CC029F205}.Ad-Hoc|iPhone.Build.0 = Release|Any CPU
		{F4BACE4A-D00B-4376-B92A-EB1CC029F205}.Ad-Hoc|iPhoneSimulator.ActiveCfg = Release|Any CPU
		{F4BACE4A-D00B-4376-B92A-EB1CC029F205}.Ad-Hoc|iPhoneSimulator.Build.0 = Release|Any CPU
		{F4BACE4A-D00B-4376-B92A-EB1CC029F205}.Ad-Hoc|x64.ActiveCfg = Release|Any CPU
		{F4BACE4A-D00B-4376-B92A-EB1CC029F205}.Ad-Hoc|x64.Build.0 = Release|Any CPU
		{F4BACE4A-D00B-4376-B92A-EB1CC029F205}.Ad-Hoc|x86.ActiveCfg = Release|Any CPU
		{F4BACE4A-D00B-4376-B92A-EB1CC029F205}.Ad-Hoc|x86.Build.0 = Release|Any CPU
		{F4BACE4A-D00B-4376-B92A-EB1CC029F205}.AppStore|Any CPU.ActiveCfg = Release|Any CPU
		{F4BACE4A-D00B-4376-B92A-EB1CC029F205}.AppStore|Any CPU.Build.0 = Release|Any CPU
		{F4BACE4A-D00B-4376-B92A-EB1CC029F205}.AppStore|ARM.ActiveCfg = Release|Any CPU
		{F4BACE4A-D00B-4376-B92A-EB1CC029F205}.AppStore|ARM.Build.0 = Release|Any CPU
		{F4BACE4A-D00B-4376-B92A-EB1CC029F205}.AppStore|iPhone.ActiveCfg = Release|Any CPU
		{F4BACE4A-D00B-4376-B92A-EB1CC029F205}.AppStore|iPhone.Build.0 = Release|Any CPU
		{F4BACE4A-D00B-4376-B92A-EB1CC029F205}.AppStore|iPhoneSimulator.ActiveCfg = Release|Any CPU
		{F4BACE4A-D00B-4376-B92A-EB1CC029F205}.AppStore|iPhoneSimulator.Build.0 = Release|Any CPU
		{F4BACE4A-D00B-4376-B92A-EB1CC029F205}.AppStore|x64.ActiveCfg = Release|Any CPU
		{F4BACE4A-D00B-4376-B92A-EB1CC029F205}.AppStore|x64.Build.0 = Release|Any CPU
		{F4BACE4A-D00B-4376-B92A-EB1CC029F205}.AppStore|x86.ActiveCfg = Release|Any CPU
		{F4BACE4A-D00B-4376-B92A-EB1CC029F205}.AppStore|x86.Build.0 = Release|Any CPU
		{F4BACE4A-D00B-4376-B92A-EB1CC029F205}.Debug|Any CPU.ActiveCfg = Debug|Any CPU
		{F4BACE4A-D00B-4376-B92A-EB1CC029F205}.Debug|Any CPU.Build.0 = Debug|Any CPU
		{F4BACE4A-D00B-4376-B92A-EB1CC029F205}.Debug|ARM.ActiveCfg = Debug|Any CPU
		{F4BACE4A-D00B-4376-B92A-EB1CC029F205}.Debug|ARM.Build.0 = Debug|Any CPU
		{F4BACE4A-D00B-4376-B92A-EB1CC029F205}.Debug|iPhone.ActiveCfg = Debug|Any CPU
		{F4BACE4A-D00B-4376-B92A-EB1CC029F205}.Debug|iPhone.Build.0 = Debug|Any CPU
		{F4BACE4A-D00B-4376-B92A-EB1CC029F205}.Debug|iPhoneSimulator.ActiveCfg = Debug|Any CPU
		{F4BACE4A-D00B-4376-B92A-EB1CC029F205}.Debug|iPhoneSimulator.Build.0 = Debug|Any CPU
		{F4BACE4A-D00B-4376-B92A-EB1CC029F205}.Debug|x64.ActiveCfg = Debug|Any CPU
		{F4BACE4A-D00B-4376-B92A-EB1CC029F205}.Debug|x64.Build.0 = Debug|Any CPU
		{F4BACE4A-D00B-4376-B92A-EB1CC029F205}.Debug|x86.ActiveCfg = Debug|Any CPU
		{F4BACE4A-D00B-4376-B92A-EB1CC029F205}.Debug|x86.Build.0 = Debug|Any CPU
		{F4BACE4A-D00B-4376-B92A-EB1CC029F205}.Release|Any CPU.ActiveCfg = Release|Any CPU
		{F4BACE4A-D00B-4376-B92A-EB1CC029F205}.Release|Any CPU.Build.0 = Release|Any CPU
		{F4BACE4A-D00B-4376-B92A-EB1CC029F205}.Release|ARM.ActiveCfg = Release|Any CPU
		{F4BACE4A-D00B-4376-B92A-EB1CC029F205}.Release|ARM.Build.0 = Release|Any CPU
		{F4BACE4A-D00B-4376-B92A-EB1CC029F205}.Release|iPhone.ActiveCfg = Release|Any CPU
		{F4BACE4A-D00B-4376-B92A-EB1CC029F205}.Release|iPhone.Build.0 = Release|Any CPU
		{F4BACE4A-D00B-4376-B92A-EB1CC029F205}.Release|iPhoneSimulator.ActiveCfg = Release|Any CPU
		{F4BACE4A-D00B-4376-B92A-EB1CC029F205}.Release|iPhoneSimulator.Build.0 = Release|Any CPU
		{F4BACE4A-D00B-4376-B92A-EB1CC029F205}.Release|x64.ActiveCfg = Release|Any CPU
		{F4BACE4A-D00B-4376-B92A-EB1CC029F205}.Release|x64.Build.0 = Release|Any CPU
		{F4BACE4A-D00B-4376-B92A-EB1CC029F205}.Release|x86.ActiveCfg = Release|Any CPU
		{F4BACE4A-D00B-4376-B92A-EB1CC029F205}.Release|x86.Build.0 = Release|Any CPU
		{1AA6ADE9-7589-43E3-BE19-9916AE249F50}.Ad-Hoc|Any CPU.ActiveCfg = Release|Any CPU
		{1AA6ADE9-7589-43E3-BE19-9916AE249F50}.Ad-Hoc|Any CPU.Build.0 = Release|Any CPU
		{1AA6ADE9-7589-43E3-BE19-9916AE249F50}.Ad-Hoc|Any CPU.Deploy.0 = Release|Any CPU
		{1AA6ADE9-7589-43E3-BE19-9916AE249F50}.Ad-Hoc|ARM.ActiveCfg = Release|Any CPU
		{1AA6ADE9-7589-43E3-BE19-9916AE249F50}.Ad-Hoc|ARM.Build.0 = Release|Any CPU
		{1AA6ADE9-7589-43E3-BE19-9916AE249F50}.Ad-Hoc|ARM.Deploy.0 = Release|Any CPU
		{1AA6ADE9-7589-43E3-BE19-9916AE249F50}.Ad-Hoc|iPhone.ActiveCfg = Release|Any CPU
		{1AA6ADE9-7589-43E3-BE19-9916AE249F50}.Ad-Hoc|iPhone.Build.0 = Release|Any CPU
		{1AA6ADE9-7589-43E3-BE19-9916AE249F50}.Ad-Hoc|iPhone.Deploy.0 = Release|Any CPU
		{1AA6ADE9-7589-43E3-BE19-9916AE249F50}.Ad-Hoc|iPhoneSimulator.ActiveCfg = Release|Any CPU
		{1AA6ADE9-7589-43E3-BE19-9916AE249F50}.Ad-Hoc|iPhoneSimulator.Build.0 = Release|Any CPU
		{1AA6ADE9-7589-43E3-BE19-9916AE249F50}.Ad-Hoc|iPhoneSimulator.Deploy.0 = Release|Any CPU
		{1AA6ADE9-7589-43E3-BE19-9916AE249F50}.Ad-Hoc|x64.ActiveCfg = Release|Any CPU
		{1AA6ADE9-7589-43E3-BE19-9916AE249F50}.Ad-Hoc|x64.Build.0 = Release|Any CPU
		{1AA6ADE9-7589-43E3-BE19-9916AE249F50}.Ad-Hoc|x64.Deploy.0 = Release|Any CPU
		{1AA6ADE9-7589-43E3-BE19-9916AE249F50}.Ad-Hoc|x86.ActiveCfg = Release|Any CPU
		{1AA6ADE9-7589-43E3-BE19-9916AE249F50}.Ad-Hoc|x86.Build.0 = Release|Any CPU
		{1AA6ADE9-7589-43E3-BE19-9916AE249F50}.Ad-Hoc|x86.Deploy.0 = Release|Any CPU
		{1AA6ADE9-7589-43E3-BE19-9916AE249F50}.AppStore|Any CPU.ActiveCfg = Release|Any CPU
		{1AA6ADE9-7589-43E3-BE19-9916AE249F50}.AppStore|Any CPU.Build.0 = Release|Any CPU
		{1AA6ADE9-7589-43E3-BE19-9916AE249F50}.AppStore|Any CPU.Deploy.0 = Release|Any CPU
		{1AA6ADE9-7589-43E3-BE19-9916AE249F50}.AppStore|ARM.ActiveCfg = Release|Any CPU
		{1AA6ADE9-7589-43E3-BE19-9916AE249F50}.AppStore|ARM.Build.0 = Release|Any CPU
		{1AA6ADE9-7589-43E3-BE19-9916AE249F50}.AppStore|ARM.Deploy.0 = Release|Any CPU
		{1AA6ADE9-7589-43E3-BE19-9916AE249F50}.AppStore|iPhone.ActiveCfg = Release|Any CPU
		{1AA6ADE9-7589-43E3-BE19-9916AE249F50}.AppStore|iPhone.Build.0 = Release|Any CPU
		{1AA6ADE9-7589-43E3-BE19-9916AE249F50}.AppStore|iPhone.Deploy.0 = Release|Any CPU
		{1AA6ADE9-7589-43E3-BE19-9916AE249F50}.AppStore|iPhoneSimulator.ActiveCfg = Release|Any CPU
		{1AA6ADE9-7589-43E3-BE19-9916AE249F50}.AppStore|iPhoneSimulator.Build.0 = Release|Any CPU
		{1AA6ADE9-7589-43E3-BE19-9916AE249F50}.AppStore|iPhoneSimulator.Deploy.0 = Release|Any CPU
		{1AA6ADE9-7589-43E3-BE19-9916AE249F50}.AppStore|x64.ActiveCfg = Release|Any CPU
		{1AA6ADE9-7589-43E3-BE19-9916AE249F50}.AppStore|x64.Build.0 = Release|Any CPU
		{1AA6ADE9-7589-43E3-BE19-9916AE249F50}.AppStore|x64.Deploy.0 = Release|Any CPU
		{1AA6ADE9-7589-43E3-BE19-9916AE249F50}.AppStore|x86.ActiveCfg = Release|Any CPU
		{1AA6ADE9-7589-43E3-BE19-9916AE249F50}.AppStore|x86.Build.0 = Release|Any CPU
		{1AA6ADE9-7589-43E3-BE19-9916AE249F50}.AppStore|x86.Deploy.0 = Release|Any CPU
		{1AA6ADE9-7589-43E3-BE19-9916AE249F50}.Debug|Any CPU.ActiveCfg = Debug|Any CPU
		{1AA6ADE9-7589-43E3-BE19-9916AE249F50}.Debug|Any CPU.Build.0 = Debug|Any CPU
		{1AA6ADE9-7589-43E3-BE19-9916AE249F50}.Debug|Any CPU.Deploy.0 = Debug|Any CPU
		{1AA6ADE9-7589-43E3-BE19-9916AE249F50}.Debug|ARM.ActiveCfg = Debug|Any CPU
		{1AA6ADE9-7589-43E3-BE19-9916AE249F50}.Debug|ARM.Build.0 = Debug|Any CPU
		{1AA6ADE9-7589-43E3-BE19-9916AE249F50}.Debug|ARM.Deploy.0 = Debug|Any CPU
		{1AA6ADE9-7589-43E3-BE19-9916AE249F50}.Debug|iPhone.ActiveCfg = Debug|Any CPU
		{1AA6ADE9-7589-43E3-BE19-9916AE249F50}.Debug|iPhone.Build.0 = Debug|Any CPU
		{1AA6ADE9-7589-43E3-BE19-9916AE249F50}.Debug|iPhone.Deploy.0 = Debug|Any CPU
		{1AA6ADE9-7589-43E3-BE19-9916AE249F50}.Debug|iPhoneSimulator.ActiveCfg = Debug|Any CPU
		{1AA6ADE9-7589-43E3-BE19-9916AE249F50}.Debug|iPhoneSimulator.Build.0 = Debug|Any CPU
		{1AA6ADE9-7589-43E3-BE19-9916AE249F50}.Debug|iPhoneSimulator.Deploy.0 = Debug|Any CPU
		{1AA6ADE9-7589-43E3-BE19-9916AE249F50}.Debug|x64.ActiveCfg = Debug|Any CPU
		{1AA6ADE9-7589-43E3-BE19-9916AE249F50}.Debug|x64.Build.0 = Debug|Any CPU
		{1AA6ADE9-7589-43E3-BE19-9916AE249F50}.Debug|x64.Deploy.0 = Debug|Any CPU
		{1AA6ADE9-7589-43E3-BE19-9916AE249F50}.Debug|x86.ActiveCfg = Debug|Any CPU
		{1AA6ADE9-7589-43E3-BE19-9916AE249F50}.Debug|x86.Build.0 = Debug|Any CPU
		{1AA6ADE9-7589-43E3-BE19-9916AE249F50}.Debug|x86.Deploy.0 = Debug|Any CPU
		{1AA6ADE9-7589-43E3-BE19-9916AE249F50}.Release|Any CPU.ActiveCfg = Release|Any CPU
		{1AA6ADE9-7589-43E3-BE19-9916AE249F50}.Release|Any CPU.Build.0 = Release|Any CPU
		{1AA6ADE9-7589-43E3-BE19-9916AE249F50}.Release|Any CPU.Deploy.0 = Release|Any CPU
		{1AA6ADE9-7589-43E3-BE19-9916AE249F50}.Release|ARM.ActiveCfg = Release|Any CPU
		{1AA6ADE9-7589-43E3-BE19-9916AE249F50}.Release|ARM.Build.0 = Release|Any CPU
		{1AA6ADE9-7589-43E3-BE19-9916AE249F50}.Release|ARM.Deploy.0 = Release|Any CPU
		{1AA6ADE9-7589-43E3-BE19-9916AE249F50}.Release|iPhone.ActiveCfg = Release|Any CPU
		{1AA6ADE9-7589-43E3-BE19-9916AE249F50}.Release|iPhone.Build.0 = Release|Any CPU
		{1AA6ADE9-7589-43E3-BE19-9916AE249F50}.Release|iPhone.Deploy.0 = Release|Any CPU
		{1AA6ADE9-7589-43E3-BE19-9916AE249F50}.Release|iPhoneSimulator.ActiveCfg = Release|Any CPU
		{1AA6ADE9-7589-43E3-BE19-9916AE249F50}.Release|iPhoneSimulator.Build.0 = Release|Any CPU
		{1AA6ADE9-7589-43E3-BE19-9916AE249F50}.Release|iPhoneSimulator.Deploy.0 = Release|Any CPU
		{1AA6ADE9-7589-43E3-BE19-9916AE249F50}.Release|x64.ActiveCfg = Release|Any CPU
		{1AA6ADE9-7589-43E3-BE19-9916AE249F50}.Release|x64.Build.0 = Release|Any CPU
		{1AA6ADE9-7589-43E3-BE19-9916AE249F50}.Release|x64.Deploy.0 = Release|Any CPU
		{1AA6ADE9-7589-43E3-BE19-9916AE249F50}.Release|x86.ActiveCfg = Release|Any CPU
		{1AA6ADE9-7589-43E3-BE19-9916AE249F50}.Release|x86.Build.0 = Release|Any CPU
		{1AA6ADE9-7589-43E3-BE19-9916AE249F50}.Release|x86.Deploy.0 = Release|Any CPU
		{CF03DF9A-24A7-4898-A5CF-78674050E681}.Ad-Hoc|Any CPU.ActiveCfg = Ad-Hoc|iPhone
		{CF03DF9A-24A7-4898-A5CF-78674050E681}.Ad-Hoc|ARM.ActiveCfg = Ad-Hoc|iPhone
		{CF03DF9A-24A7-4898-A5CF-78674050E681}.Ad-Hoc|iPhone.ActiveCfg = Ad-Hoc|iPhone
		{CF03DF9A-24A7-4898-A5CF-78674050E681}.Ad-Hoc|iPhone.Build.0 = Ad-Hoc|iPhone
		{CF03DF9A-24A7-4898-A5CF-78674050E681}.Ad-Hoc|iPhoneSimulator.ActiveCfg = Ad-Hoc|iPhoneSimulator
		{CF03DF9A-24A7-4898-A5CF-78674050E681}.Ad-Hoc|iPhoneSimulator.Build.0 = Ad-Hoc|iPhoneSimulator
		{CF03DF9A-24A7-4898-A5CF-78674050E681}.Ad-Hoc|x64.ActiveCfg = Ad-Hoc|iPhone
		{CF03DF9A-24A7-4898-A5CF-78674050E681}.Ad-Hoc|x86.ActiveCfg = Ad-Hoc|iPhone
		{CF03DF9A-24A7-4898-A5CF-78674050E681}.AppStore|Any CPU.ActiveCfg = AppStore|iPhone
		{CF03DF9A-24A7-4898-A5CF-78674050E681}.AppStore|ARM.ActiveCfg = AppStore|iPhone
		{CF03DF9A-24A7-4898-A5CF-78674050E681}.AppStore|iPhone.ActiveCfg = AppStore|iPhone
		{CF03DF9A-24A7-4898-A5CF-78674050E681}.AppStore|iPhone.Build.0 = AppStore|iPhone
		{CF03DF9A-24A7-4898-A5CF-78674050E681}.AppStore|iPhoneSimulator.ActiveCfg = AppStore|iPhoneSimulator
		{CF03DF9A-24A7-4898-A5CF-78674050E681}.AppStore|iPhoneSimulator.Build.0 = AppStore|iPhoneSimulator
		{CF03DF9A-24A7-4898-A5CF-78674050E681}.AppStore|x64.ActiveCfg = AppStore|iPhone
		{CF03DF9A-24A7-4898-A5CF-78674050E681}.AppStore|x86.ActiveCfg = AppStore|iPhone
		{CF03DF9A-24A7-4898-A5CF-78674050E681}.Debug|Any CPU.ActiveCfg = Debug|iPhone
		{CF03DF9A-24A7-4898-A5CF-78674050E681}.Debug|ARM.ActiveCfg = Debug|iPhone
		{CF03DF9A-24A7-4898-A5CF-78674050E681}.Debug|iPhone.ActiveCfg = Debug|iPhone
		{CF03DF9A-24A7-4898-A5CF-78674050E681}.Debug|iPhone.Build.0 = Debug|iPhone
		{CF03DF9A-24A7-4898-A5CF-78674050E681}.Debug|iPhoneSimulator.ActiveCfg = Debug|iPhoneSimulator
		{CF03DF9A-24A7-4898-A5CF-78674050E681}.Debug|iPhoneSimulator.Build.0 = Debug|iPhoneSimulator
		{CF03DF9A-24A7-4898-A5CF-78674050E681}.Debug|x64.ActiveCfg = Debug|iPhone
		{CF03DF9A-24A7-4898-A5CF-78674050E681}.Debug|x86.ActiveCfg = Debug|iPhone
		{CF03DF9A-24A7-4898-A5CF-78674050E681}.Release|Any CPU.ActiveCfg = Release|iPhone
		{CF03DF9A-24A7-4898-A5CF-78674050E681}.Release|ARM.ActiveCfg = Release|iPhone
		{CF03DF9A-24A7-4898-A5CF-78674050E681}.Release|iPhone.ActiveCfg = Release|iPhone
		{CF03DF9A-24A7-4898-A5CF-78674050E681}.Release|iPhone.Build.0 = Release|iPhone
		{CF03DF9A-24A7-4898-A5CF-78674050E681}.Release|iPhoneSimulator.ActiveCfg = Release|iPhoneSimulator
		{CF03DF9A-24A7-4898-A5CF-78674050E681}.Release|iPhoneSimulator.Build.0 = Release|iPhoneSimulator
		{CF03DF9A-24A7-4898-A5CF-78674050E681}.Release|x64.ActiveCfg = Release|iPhone
		{CF03DF9A-24A7-4898-A5CF-78674050E681}.Release|x86.ActiveCfg = Release|iPhone
		{2FA40764-B8BD-4B30-8658-00DF87733575}.Ad-Hoc|Any CPU.ActiveCfg = Release|Any CPU
		{2FA40764-B8BD-4B30-8658-00DF87733575}.Ad-Hoc|Any CPU.Build.0 = Release|Any CPU
		{2FA40764-B8BD-4B30-8658-00DF87733575}.Ad-Hoc|Any CPU.Deploy.0 = Release|Any CPU
		{2FA40764-B8BD-4B30-8658-00DF87733575}.Ad-Hoc|ARM.ActiveCfg = Release|ARM
		{2FA40764-B8BD-4B30-8658-00DF87733575}.Ad-Hoc|ARM.Build.0 = Release|ARM
		{2FA40764-B8BD-4B30-8658-00DF87733575}.Ad-Hoc|ARM.Deploy.0 = Release|ARM
		{2FA40764-B8BD-4B30-8658-00DF87733575}.Ad-Hoc|iPhone.ActiveCfg = Release|Any CPU
		{2FA40764-B8BD-4B30-8658-00DF87733575}.Ad-Hoc|iPhone.Build.0 = Release|Any CPU
		{2FA40764-B8BD-4B30-8658-00DF87733575}.Ad-Hoc|iPhone.Deploy.0 = Release|Any CPU
		{2FA40764-B8BD-4B30-8658-00DF87733575}.Ad-Hoc|iPhoneSimulator.ActiveCfg = Release|Any CPU
		{2FA40764-B8BD-4B30-8658-00DF87733575}.Ad-Hoc|iPhoneSimulator.Build.0 = Release|Any CPU
		{2FA40764-B8BD-4B30-8658-00DF87733575}.Ad-Hoc|iPhoneSimulator.Deploy.0 = Release|Any CPU
		{2FA40764-B8BD-4B30-8658-00DF87733575}.Ad-Hoc|x64.ActiveCfg = Release|Any CPU
		{2FA40764-B8BD-4B30-8658-00DF87733575}.Ad-Hoc|x64.Build.0 = Release|Any CPU
		{2FA40764-B8BD-4B30-8658-00DF87733575}.Ad-Hoc|x64.Deploy.0 = Release|Any CPU
		{2FA40764-B8BD-4B30-8658-00DF87733575}.Ad-Hoc|x86.ActiveCfg = Release|x86
		{2FA40764-B8BD-4B30-8658-00DF87733575}.Ad-Hoc|x86.Build.0 = Release|x86
		{2FA40764-B8BD-4B30-8658-00DF87733575}.Ad-Hoc|x86.Deploy.0 = Release|x86
		{2FA40764-B8BD-4B30-8658-00DF87733575}.AppStore|Any CPU.ActiveCfg = Release|Any CPU
		{2FA40764-B8BD-4B30-8658-00DF87733575}.AppStore|Any CPU.Build.0 = Release|Any CPU
		{2FA40764-B8BD-4B30-8658-00DF87733575}.AppStore|Any CPU.Deploy.0 = Release|Any CPU
		{2FA40764-B8BD-4B30-8658-00DF87733575}.AppStore|ARM.ActiveCfg = Release|ARM
		{2FA40764-B8BD-4B30-8658-00DF87733575}.AppStore|ARM.Build.0 = Release|ARM
		{2FA40764-B8BD-4B30-8658-00DF87733575}.AppStore|ARM.Deploy.0 = Release|ARM
		{2FA40764-B8BD-4B30-8658-00DF87733575}.AppStore|iPhone.ActiveCfg = Release|Any CPU
		{2FA40764-B8BD-4B30-8658-00DF87733575}.AppStore|iPhone.Build.0 = Release|Any CPU
		{2FA40764-B8BD-4B30-8658-00DF87733575}.AppStore|iPhone.Deploy.0 = Release|Any CPU
		{2FA40764-B8BD-4B30-8658-00DF87733575}.AppStore|iPhoneSimulator.ActiveCfg = Release|Any CPU
		{2FA40764-B8BD-4B30-8658-00DF87733575}.AppStore|iPhoneSimulator.Build.0 = Release|Any CPU
		{2FA40764-B8BD-4B30-8658-00DF87733575}.AppStore|iPhoneSimulator.Deploy.0 = Release|Any CPU
		{2FA40764-B8BD-4B30-8658-00DF87733575}.AppStore|x64.ActiveCfg = Release|Any CPU
		{2FA40764-B8BD-4B30-8658-00DF87733575}.AppStore|x64.Build.0 = Release|Any CPU
		{2FA40764-B8BD-4B30-8658-00DF87733575}.AppStore|x64.Deploy.0 = Release|Any CPU
		{2FA40764-B8BD-4B30-8658-00DF87733575}.AppStore|x86.ActiveCfg = Release|x86
		{2FA40764-B8BD-4B30-8658-00DF87733575}.AppStore|x86.Build.0 = Release|x86
		{2FA40764-B8BD-4B30-8658-00DF87733575}.AppStore|x86.Deploy.0 = Release|x86
		{2FA40764-B8BD-4B30-8658-00DF87733575}.Debug|Any CPU.ActiveCfg = Debug|Any CPU
		{2FA40764-B8BD-4B30-8658-00DF87733575}.Debug|Any CPU.Build.0 = Debug|Any CPU
		{2FA40764-B8BD-4B30-8658-00DF87733575}.Debug|Any CPU.Deploy.0 = Debug|Any CPU
		{2FA40764-B8BD-4B30-8658-00DF87733575}.Debug|ARM.ActiveCfg = Debug|ARM
		{2FA40764-B8BD-4B30-8658-00DF87733575}.Debug|ARM.Build.0 = Debug|ARM
		{2FA40764-B8BD-4B30-8658-00DF87733575}.Debug|ARM.Deploy.0 = Debug|ARM
		{2FA40764-B8BD-4B30-8658-00DF87733575}.Debug|iPhone.ActiveCfg = Debug|Any CPU
		{2FA40764-B8BD-4B30-8658-00DF87733575}.Debug|iPhone.Build.0 = Debug|Any CPU
		{2FA40764-B8BD-4B30-8658-00DF87733575}.Debug|iPhone.Deploy.0 = Debug|Any CPU
		{2FA40764-B8BD-4B30-8658-00DF87733575}.Debug|iPhoneSimulator.ActiveCfg = Debug|Any CPU
		{2FA40764-B8BD-4B30-8658-00DF87733575}.Debug|iPhoneSimulator.Build.0 = Debug|Any CPU
		{2FA40764-B8BD-4B30-8658-00DF87733575}.Debug|iPhoneSimulator.Deploy.0 = Debug|Any CPU
		{2FA40764-B8BD-4B30-8658-00DF87733575}.Debug|x64.ActiveCfg = Debug|Any CPU
		{2FA40764-B8BD-4B30-8658-00DF87733575}.Debug|x64.Build.0 = Debug|Any CPU
		{2FA40764-B8BD-4B30-8658-00DF87733575}.Debug|x64.Deploy.0 = Debug|Any CPU
		{2FA40764-B8BD-4B30-8658-00DF87733575}.Debug|x86.ActiveCfg = Debug|x86
		{2FA40764-B8BD-4B30-8658-00DF87733575}.Debug|x86.Build.0 = Debug|x86
		{2FA40764-B8BD-4B30-8658-00DF87733575}.Debug|x86.Deploy.0 = Debug|x86
		{2FA40764-B8BD-4B30-8658-00DF87733575}.Release|Any CPU.ActiveCfg = Release|Any CPU
		{2FA40764-B8BD-4B30-8658-00DF87733575}.Release|Any CPU.Build.0 = Release|Any CPU
		{2FA40764-B8BD-4B30-8658-00DF87733575}.Release|Any CPU.Deploy.0 = Release|Any CPU
		{2FA40764-B8BD-4B30-8658-00DF87733575}.Release|ARM.ActiveCfg = Release|ARM
		{2FA40764-B8BD-4B30-8658-00DF87733575}.Release|ARM.Build.0 = Release|ARM
		{2FA40764-B8BD-4B30-8658-00DF87733575}.Release|ARM.Deploy.0 = Release|ARM
		{2FA40764-B8BD-4B30-8658-00DF87733575}.Release|iPhone.ActiveCfg = Release|Any CPU
		{2FA40764-B8BD-4B30-8658-00DF87733575}.Release|iPhone.Build.0 = Release|Any CPU
		{2FA40764-B8BD-4B30-8658-00DF87733575}.Release|iPhone.Deploy.0 = Release|Any CPU
		{2FA40764-B8BD-4B30-8658-00DF87733575}.Release|iPhoneSimulator.ActiveCfg = Release|Any CPU
		{2FA40764-B8BD-4B30-8658-00DF87733575}.Release|iPhoneSimulator.Build.0 = Release|Any CPU
		{2FA40764-B8BD-4B30-8658-00DF87733575}.Release|iPhoneSimulator.Deploy.0 = Release|Any CPU
		{2FA40764-B8BD-4B30-8658-00DF87733575}.Release|x64.ActiveCfg = Release|Any CPU
		{2FA40764-B8BD-4B30-8658-00DF87733575}.Release|x64.Build.0 = Release|Any CPU
		{2FA40764-B8BD-4B30-8658-00DF87733575}.Release|x64.Deploy.0 = Release|Any CPU
		{2FA40764-B8BD-4B30-8658-00DF87733575}.Release|x86.ActiveCfg = Release|x86
		{2FA40764-B8BD-4B30-8658-00DF87733575}.Release|x86.Build.0 = Release|x86
		{2FA40764-B8BD-4B30-8658-00DF87733575}.Release|x86.Deploy.0 = Release|x86
		{EAAAD61B-8A65-42CE-820E-3E8FEDDC968F}.Ad-Hoc|Any CPU.ActiveCfg = Release|x86
		{EAAAD61B-8A65-42CE-820E-3E8FEDDC968F}.Ad-Hoc|Any CPU.Build.0 = Release|x86
		{EAAAD61B-8A65-42CE-820E-3E8FEDDC968F}.Ad-Hoc|Any CPU.Deploy.0 = Release|x86
		{EAAAD61B-8A65-42CE-820E-3E8FEDDC968F}.Ad-Hoc|ARM.ActiveCfg = Release|ARM
		{EAAAD61B-8A65-42CE-820E-3E8FEDDC968F}.Ad-Hoc|ARM.Build.0 = Release|ARM
		{EAAAD61B-8A65-42CE-820E-3E8FEDDC968F}.Ad-Hoc|ARM.Deploy.0 = Release|ARM
		{EAAAD61B-8A65-42CE-820E-3E8FEDDC968F}.Ad-Hoc|iPhone.ActiveCfg = Release|x86
		{EAAAD61B-8A65-42CE-820E-3E8FEDDC968F}.Ad-Hoc|iPhone.Build.0 = Release|x86
		{EAAAD61B-8A65-42CE-820E-3E8FEDDC968F}.Ad-Hoc|iPhone.Deploy.0 = Release|x86
		{EAAAD61B-8A65-42CE-820E-3E8FEDDC968F}.Ad-Hoc|iPhoneSimulator.ActiveCfg = Release|x86
		{EAAAD61B-8A65-42CE-820E-3E8FEDDC968F}.Ad-Hoc|iPhoneSimulator.Build.0 = Release|x86
		{EAAAD61B-8A65-42CE-820E-3E8FEDDC968F}.Ad-Hoc|iPhoneSimulator.Deploy.0 = Release|x86
		{EAAAD61B-8A65-42CE-820E-3E8FEDDC968F}.Ad-Hoc|x64.ActiveCfg = Release|x64
		{EAAAD61B-8A65-42CE-820E-3E8FEDDC968F}.Ad-Hoc|x64.Build.0 = Release|x64
		{EAAAD61B-8A65-42CE-820E-3E8FEDDC968F}.Ad-Hoc|x64.Deploy.0 = Release|x64
		{EAAAD61B-8A65-42CE-820E-3E8FEDDC968F}.Ad-Hoc|x86.ActiveCfg = Release|x86
		{EAAAD61B-8A65-42CE-820E-3E8FEDDC968F}.Ad-Hoc|x86.Build.0 = Release|x86
		{EAAAD61B-8A65-42CE-820E-3E8FEDDC968F}.Ad-Hoc|x86.Deploy.0 = Release|x86
		{EAAAD61B-8A65-42CE-820E-3E8FEDDC968F}.AppStore|Any CPU.ActiveCfg = Release|x86
		{EAAAD61B-8A65-42CE-820E-3E8FEDDC968F}.AppStore|Any CPU.Build.0 = Release|x86
		{EAAAD61B-8A65-42CE-820E-3E8FEDDC968F}.AppStore|Any CPU.Deploy.0 = Release|x86
		{EAAAD61B-8A65-42CE-820E-3E8FEDDC968F}.AppStore|ARM.ActiveCfg = Release|ARM
		{EAAAD61B-8A65-42CE-820E-3E8FEDDC968F}.AppStore|ARM.Build.0 = Release|ARM
		{EAAAD61B-8A65-42CE-820E-3E8FEDDC968F}.AppStore|ARM.Deploy.0 = Release|ARM
		{EAAAD61B-8A65-42CE-820E-3E8FEDDC968F}.AppStore|iPhone.ActiveCfg = Release|x86
		{EAAAD61B-8A65-42CE-820E-3E8FEDDC968F}.AppStore|iPhone.Build.0 = Release|x86
		{EAAAD61B-8A65-42CE-820E-3E8FEDDC968F}.AppStore|iPhone.Deploy.0 = Release|x86
		{EAAAD61B-8A65-42CE-820E-3E8FEDDC968F}.AppStore|iPhoneSimulator.ActiveCfg = Release|x86
		{EAAAD61B-8A65-42CE-820E-3E8FEDDC968F}.AppStore|iPhoneSimulator.Build.0 = Release|x86
		{EAAAD61B-8A65-42CE-820E-3E8FEDDC968F}.AppStore|iPhoneSimulator.Deploy.0 = Release|x86
		{EAAAD61B-8A65-42CE-820E-3E8FEDDC968F}.AppStore|x64.ActiveCfg = Release|x64
		{EAAAD61B-8A65-42CE-820E-3E8FEDDC968F}.AppStore|x64.Build.0 = Release|x64
		{EAAAD61B-8A65-42CE-820E-3E8FEDDC968F}.AppStore|x64.Deploy.0 = Release|x64
		{EAAAD61B-8A65-42CE-820E-3E8FEDDC968F}.AppStore|x86.ActiveCfg = Release|x86
		{EAAAD61B-8A65-42CE-820E-3E8FEDDC968F}.AppStore|x86.Build.0 = Release|x86
		{EAAAD61B-8A65-42CE-820E-3E8FEDDC968F}.AppStore|x86.Deploy.0 = Release|x86
		{EAAAD61B-8A65-42CE-820E-3E8FEDDC968F}.Debug|Any CPU.ActiveCfg = Debug|x86
		{EAAAD61B-8A65-42CE-820E-3E8FEDDC968F}.Debug|ARM.ActiveCfg = Debug|ARM
		{EAAAD61B-8A65-42CE-820E-3E8FEDDC968F}.Debug|ARM.Build.0 = Debug|ARM
		{EAAAD61B-8A65-42CE-820E-3E8FEDDC968F}.Debug|ARM.Deploy.0 = Debug|ARM
		{EAAAD61B-8A65-42CE-820E-3E8FEDDC968F}.Debug|iPhone.ActiveCfg = Debug|x86
		{EAAAD61B-8A65-42CE-820E-3E8FEDDC968F}.Debug|iPhoneSimulator.ActiveCfg = Debug|x86
		{EAAAD61B-8A65-42CE-820E-3E8FEDDC968F}.Debug|x64.ActiveCfg = Debug|x64
		{EAAAD61B-8A65-42CE-820E-3E8FEDDC968F}.Debug|x64.Build.0 = Debug|x64
		{EAAAD61B-8A65-42CE-820E-3E8FEDDC968F}.Debug|x64.Deploy.0 = Debug|x64
		{EAAAD61B-8A65-42CE-820E-3E8FEDDC968F}.Debug|x86.ActiveCfg = Debug|x86
		{EAAAD61B-8A65-42CE-820E-3E8FEDDC968F}.Debug|x86.Build.0 = Debug|x86
		{EAAAD61B-8A65-42CE-820E-3E8FEDDC968F}.Debug|x86.Deploy.0 = Debug|x86
		{EAAAD61B-8A65-42CE-820E-3E8FEDDC968F}.Release|Any CPU.ActiveCfg = Release|x86
		{EAAAD61B-8A65-42CE-820E-3E8FEDDC968F}.Release|ARM.ActiveCfg = Release|ARM
		{EAAAD61B-8A65-42CE-820E-3E8FEDDC968F}.Release|ARM.Build.0 = Release|ARM
		{EAAAD61B-8A65-42CE-820E-3E8FEDDC968F}.Release|ARM.Deploy.0 = Release|ARM
		{EAAAD61B-8A65-42CE-820E-3E8FEDDC968F}.Release|iPhone.ActiveCfg = Release|x86
		{EAAAD61B-8A65-42CE-820E-3E8FEDDC968F}.Release|iPhoneSimulator.ActiveCfg = Release|x86
		{EAAAD61B-8A65-42CE-820E-3E8FEDDC968F}.Release|x64.ActiveCfg = Release|x64
		{EAAAD61B-8A65-42CE-820E-3E8FEDDC968F}.Release|x64.Build.0 = Release|x64
		{EAAAD61B-8A65-42CE-820E-3E8FEDDC968F}.Release|x64.Deploy.0 = Release|x64
		{EAAAD61B-8A65-42CE-820E-3E8FEDDC968F}.Release|x86.ActiveCfg = Release|x86
		{EAAAD61B-8A65-42CE-820E-3E8FEDDC968F}.Release|x86.Build.0 = Release|x86
		{EAAAD61B-8A65-42CE-820E-3E8FEDDC968F}.Release|x86.Deploy.0 = Release|x86
		{5D62330D-8A1A-4D7D-9FC7-10DDB2357147}.Ad-Hoc|Any CPU.ActiveCfg = Release|Any CPU
		{5D62330D-8A1A-4D7D-9FC7-10DDB2357147}.Ad-Hoc|Any CPU.Build.0 = Release|Any CPU
		{5D62330D-8A1A-4D7D-9FC7-10DDB2357147}.Ad-Hoc|Any CPU.Deploy.0 = Release|Any CPU
		{5D62330D-8A1A-4D7D-9FC7-10DDB2357147}.Ad-Hoc|ARM.ActiveCfg = Release|ARM
		{5D62330D-8A1A-4D7D-9FC7-10DDB2357147}.Ad-Hoc|ARM.Build.0 = Release|ARM
		{5D62330D-8A1A-4D7D-9FC7-10DDB2357147}.Ad-Hoc|ARM.Deploy.0 = Release|ARM
		{5D62330D-8A1A-4D7D-9FC7-10DDB2357147}.Ad-Hoc|iPhone.ActiveCfg = Release|Any CPU
		{5D62330D-8A1A-4D7D-9FC7-10DDB2357147}.Ad-Hoc|iPhone.Build.0 = Release|Any CPU
		{5D62330D-8A1A-4D7D-9FC7-10DDB2357147}.Ad-Hoc|iPhone.Deploy.0 = Release|Any CPU
		{5D62330D-8A1A-4D7D-9FC7-10DDB2357147}.Ad-Hoc|iPhoneSimulator.ActiveCfg = Release|Any CPU
		{5D62330D-8A1A-4D7D-9FC7-10DDB2357147}.Ad-Hoc|iPhoneSimulator.Build.0 = Release|Any CPU
		{5D62330D-8A1A-4D7D-9FC7-10DDB2357147}.Ad-Hoc|iPhoneSimulator.Deploy.0 = Release|Any CPU
		{5D62330D-8A1A-4D7D-9FC7-10DDB2357147}.Ad-Hoc|x64.ActiveCfg = Release|x64
		{5D62330D-8A1A-4D7D-9FC7-10DDB2357147}.Ad-Hoc|x64.Build.0 = Release|x64
		{5D62330D-8A1A-4D7D-9FC7-10DDB2357147}.Ad-Hoc|x64.Deploy.0 = Release|x64
		{5D62330D-8A1A-4D7D-9FC7-10DDB2357147}.Ad-Hoc|x86.ActiveCfg = Release|x86
		{5D62330D-8A1A-4D7D-9FC7-10DDB2357147}.Ad-Hoc|x86.Build.0 = Release|x86
		{5D62330D-8A1A-4D7D-9FC7-10DDB2357147}.Ad-Hoc|x86.Deploy.0 = Release|x86
		{5D62330D-8A1A-4D7D-9FC7-10DDB2357147}.AppStore|Any CPU.ActiveCfg = Release|Any CPU
		{5D62330D-8A1A-4D7D-9FC7-10DDB2357147}.AppStore|Any CPU.Build.0 = Release|Any CPU
		{5D62330D-8A1A-4D7D-9FC7-10DDB2357147}.AppStore|Any CPU.Deploy.0 = Release|Any CPU
		{5D62330D-8A1A-4D7D-9FC7-10DDB2357147}.AppStore|ARM.ActiveCfg = Release|ARM
		{5D62330D-8A1A-4D7D-9FC7-10DDB2357147}.AppStore|ARM.Build.0 = Release|ARM
		{5D62330D-8A1A-4D7D-9FC7-10DDB2357147}.AppStore|ARM.Deploy.0 = Release|ARM
		{5D62330D-8A1A-4D7D-9FC7-10DDB2357147}.AppStore|iPhone.ActiveCfg = Release|Any CPU
		{5D62330D-8A1A-4D7D-9FC7-10DDB2357147}.AppStore|iPhone.Build.0 = Release|Any CPU
		{5D62330D-8A1A-4D7D-9FC7-10DDB2357147}.AppStore|iPhone.Deploy.0 = Release|Any CPU
		{5D62330D-8A1A-4D7D-9FC7-10DDB2357147}.AppStore|iPhoneSimulator.ActiveCfg = Release|Any CPU
		{5D62330D-8A1A-4D7D-9FC7-10DDB2357147}.AppStore|iPhoneSimulator.Build.0 = Release|Any CPU
		{5D62330D-8A1A-4D7D-9FC7-10DDB2357147}.AppStore|iPhoneSimulator.Deploy.0 = Release|Any CPU
		{5D62330D-8A1A-4D7D-9FC7-10DDB2357147}.AppStore|x64.ActiveCfg = Release|x64
		{5D62330D-8A1A-4D7D-9FC7-10DDB2357147}.AppStore|x64.Build.0 = Release|x64
		{5D62330D-8A1A-4D7D-9FC7-10DDB2357147}.AppStore|x64.Deploy.0 = Release|x64
		{5D62330D-8A1A-4D7D-9FC7-10DDB2357147}.AppStore|x86.ActiveCfg = Release|x86
		{5D62330D-8A1A-4D7D-9FC7-10DDB2357147}.AppStore|x86.Build.0 = Release|x86
		{5D62330D-8A1A-4D7D-9FC7-10DDB2357147}.AppStore|x86.Deploy.0 = Release|x86
		{5D62330D-8A1A-4D7D-9FC7-10DDB2357147}.Debug|Any CPU.ActiveCfg = Debug|Any CPU
		{5D62330D-8A1A-4D7D-9FC7-10DDB2357147}.Debug|Any CPU.Build.0 = Debug|Any CPU
		{5D62330D-8A1A-4D7D-9FC7-10DDB2357147}.Debug|Any CPU.Deploy.0 = Debug|Any CPU
		{5D62330D-8A1A-4D7D-9FC7-10DDB2357147}.Debug|ARM.ActiveCfg = Debug|ARM
		{5D62330D-8A1A-4D7D-9FC7-10DDB2357147}.Debug|ARM.Build.0 = Debug|ARM
		{5D62330D-8A1A-4D7D-9FC7-10DDB2357147}.Debug|ARM.Deploy.0 = Debug|ARM
		{5D62330D-8A1A-4D7D-9FC7-10DDB2357147}.Debug|iPhone.ActiveCfg = Debug|Any CPU
		{5D62330D-8A1A-4D7D-9FC7-10DDB2357147}.Debug|iPhone.Build.0 = Debug|Any CPU
		{5D62330D-8A1A-4D7D-9FC7-10DDB2357147}.Debug|iPhone.Deploy.0 = Debug|Any CPU
		{5D62330D-8A1A-4D7D-9FC7-10DDB2357147}.Debug|iPhoneSimulator.ActiveCfg = Debug|Any CPU
		{5D62330D-8A1A-4D7D-9FC7-10DDB2357147}.Debug|iPhoneSimulator.Build.0 = Debug|Any CPU
		{5D62330D-8A1A-4D7D-9FC7-10DDB2357147}.Debug|iPhoneSimulator.Deploy.0 = Debug|Any CPU
		{5D62330D-8A1A-4D7D-9FC7-10DDB2357147}.Debug|x64.ActiveCfg = Debug|x64
		{5D62330D-8A1A-4D7D-9FC7-10DDB2357147}.Debug|x64.Build.0 = Debug|x64
		{5D62330D-8A1A-4D7D-9FC7-10DDB2357147}.Debug|x64.Deploy.0 = Debug|x64
		{5D62330D-8A1A-4D7D-9FC7-10DDB2357147}.Debug|x86.ActiveCfg = Debug|x86
		{5D62330D-8A1A-4D7D-9FC7-10DDB2357147}.Debug|x86.Build.0 = Debug|x86
		{5D62330D-8A1A-4D7D-9FC7-10DDB2357147}.Debug|x86.Deploy.0 = Debug|x86
		{5D62330D-8A1A-4D7D-9FC7-10DDB2357147}.Release|Any CPU.ActiveCfg = Release|Any CPU
		{5D62330D-8A1A-4D7D-9FC7-10DDB2357147}.Release|Any CPU.Build.0 = Release|Any CPU
		{5D62330D-8A1A-4D7D-9FC7-10DDB2357147}.Release|Any CPU.Deploy.0 = Release|Any CPU
		{5D62330D-8A1A-4D7D-9FC7-10DDB2357147}.Release|ARM.ActiveCfg = Release|ARM
		{5D62330D-8A1A-4D7D-9FC7-10DDB2357147}.Release|ARM.Build.0 = Release|ARM
		{5D62330D-8A1A-4D7D-9FC7-10DDB2357147}.Release|ARM.Deploy.0 = Release|ARM
		{5D62330D-8A1A-4D7D-9FC7-10DDB2357147}.Release|iPhone.ActiveCfg = Release|Any CPU
		{5D62330D-8A1A-4D7D-9FC7-10DDB2357147}.Release|iPhone.Build.0 = Release|Any CPU
		{5D62330D-8A1A-4D7D-9FC7-10DDB2357147}.Release|iPhone.Deploy.0 = Release|Any CPU
		{5D62330D-8A1A-4D7D-9FC7-10DDB2357147}.Release|iPhoneSimulator.ActiveCfg = Release|Any CPU
		{5D62330D-8A1A-4D7D-9FC7-10DDB2357147}.Release|iPhoneSimulator.Build.0 = Release|Any CPU
		{5D62330D-8A1A-4D7D-9FC7-10DDB2357147}.Release|iPhoneSimulator.Deploy.0 = Release|Any CPU
		{5D62330D-8A1A-4D7D-9FC7-10DDB2357147}.Release|x64.ActiveCfg = Release|x64
		{5D62330D-8A1A-4D7D-9FC7-10DDB2357147}.Release|x64.Build.0 = Release|x64
		{5D62330D-8A1A-4D7D-9FC7-10DDB2357147}.Release|x64.Deploy.0 = Release|x64
		{5D62330D-8A1A-4D7D-9FC7-10DDB2357147}.Release|x86.ActiveCfg = Release|x86
		{5D62330D-8A1A-4D7D-9FC7-10DDB2357147}.Release|x86.Build.0 = Release|x86
		{5D62330D-8A1A-4D7D-9FC7-10DDB2357147}.Release|x86.Deploy.0 = Release|x86
	EndGlobalSection
	GlobalSection(SolutionProperties) = preSolution
		HideSolutionNode = FALSE
	EndGlobalSection
EndGlobal
